
Microsoft Visual Studio Solution File, Format Version 12.00
# Visual Studio Version 17
VisualStudioVersion = 17.5.002.0
MinimumVisualStudioVersion = 10.0.40219.1
Project("{9A19103F-16F7-4668-BE54-9A1E7A4F7556}") = "course-work", "course-work.csproj", "{EF806C11-86BD-4F4F-928D-4466ECB412C7}"
EndProject
Global
	GlobalSection(SolutionConfigurationPlatforms) = preSolution
		Debug|Any CPU = Debug|Any CPU
		Release|Any CPU = Release|Any CPU
	EndGlobalSection
	GlobalSection(ProjectConfigurationPlatforms) = postSolution
		{EF806C11-86BD-4F4F-928D-4466ECB412C7}.Debug|Any CPU.ActiveCfg = Debug|Any CPU
		{EF806C11-86BD-4F4F-928D-4466ECB412C7}.Debug|Any CPU.Build.0 = Debug|Any CPU
		{EF806C11-86BD-4F4F-928D-4466ECB412C7}.Release|Any CPU.ActiveCfg = Release|Any CPU
		{EF806C11-86BD-4F4F-928D-4466ECB412C7}.Release|Any CPU.Build.0 = Release|Any CPU
	EndGlobalSection
	GlobalSection(SolutionProperties) = preSolution
		HideSolutionNode = FALSE
	EndGlobalSection
	GlobalSection(ExtensibilityGlobals) = postSolution
		SolutionGuid = {201717D7-486E-4947-BD17-4E14BE48A629}
	EndGlobalSection
EndGlobal
